
Microsoft Visual Studio Solution File, Format Version 12.00
# Visual Studio Version 16
VisualStudioVersion = 16.0.33927.289
MinimumVisualStudioVersion = 10.0.40219.1
Project("{2150E333-8FDC-42A3-9474-1A3956D46DE8}") = "Task0", "Task0", "{5786E478-FEAF-4FE1-BB38-9D4A04ADE1B8}"
EndProject
Project("{FAE04EC0-301F-11D3-BF4B-00C04F79EFBC}") = "Tyuiu.ShtokerVN.Sprint1.Task0.V10", "Tyuiu.ShtokerVN.Sprint1.Task0.V10\Tyuiu.ShtokerVN.Sprint1.Task0.V10.csproj", "{679FB75E-E91D-4BB9-8E1A-8BDEE2047082}"
EndProject
Project("{FAE04EC0-301F-11D3-BF4B-00C04F79EFBC}") = "Tyuiu.ShtokerVN.Sprint1.Task0.V10.Lib", "Tyuiu.ShtokerVN.Sprint1.Task0.V10.Lib\Tyuiu.ShtokerVN.Sprint1.Task0.V10.Lib.csproj", "{C0C4E7A5-E5F0-4906-8A46-277E2F53BA17}"
EndProject
Project("{FAE04EC0-301F-11D3-BF4B-00C04F79EFBC}") = "Tyuiu.ShtokerVN.Sprint1.Task0.V10.Test", "Tyuiu.ShtokerVN.Sprint1.Task0.V10.Test\Tyuiu.ShtokerVN.Sprint1.Task0.V10.Test.csproj", "{4AB5879B-7B16-48B4-AA73-C45FBA96D43C}"
EndProject
Project("{2150E333-8FDC-42A3-9474-1A3956D46DE8}") = "Task1", "Task1", "{51AD6C74-2A43-472F-A13D-18EC2F0906D0}"
EndProject
Project("{FAE04EC0-301F-11D3-BF4B-00C04F79EFBC}") = "Tyuiu.ShtokerVN.Sprint1.Task1.V6", "Tyuiu.ShtokerVN.Sprint1.Task1.V6\Tyuiu.ShtokerVN.Sprint1.Task1.V6.csproj", "{00A144ED-5A5E-46EA-9ECB-FEEC5C7185F1}"
EndProject
Project("{FAE04EC0-301F-11D3-BF4B-00C04F79EFBC}") = "Tyuiu.ShtokerVN.Sprint1.Task1.V6.Lib", "Tyuiu.ShtokerVN.Sprint1.Task1.V6.Lib\Tyuiu.ShtokerVN.Sprint1.Task1.V6.Lib.csproj", "{8AAF41CE-766B-4641-8002-A963257C31E5}"
EndProject
Project("{FAE04EC0-301F-11D3-BF4B-00C04F79EFBC}") = "Tyuiu.ShtokerVN.Sprint1.Task1.V6.Test", "Tyuiu.ShtokerVN.Sprint1.Task1.V6.Test\Tyuiu.ShtokerVN.Sprint1.Task1.V6.Test.csproj", "{037A2D2B-5D96-44B0-BA79-936F6D8CAB28}"
EndProject
Project("{2150E333-8FDC-42A3-9474-1A3956D46DE8}") = "Task2", "Task2", "{9B377BBB-52CA-495F-8C02-BB1E87D3E61C}"
EndProject
Project("{FAE04EC0-301F-11D3-BF4B-00C04F79EFBC}") = "Tyuiu.ShtokerVN.Sprint1.Task2.V4", "Tyuiu.ShtokerVN.Sprint1.Task2.V4\Tyuiu.ShtokerVN.Sprint1.Task2.V4.csproj", "{59491BF9-5266-4AF0-A1EF-3273CA2ACE83}"
EndProject
Project("{FAE04EC0-301F-11D3-BF4B-00C04F79EFBC}") = "Tyuiu.ShtokerVN.Sprint1.Task2.V4.Lib", "Tyuiu.ShtokerVN.Sprint1.Task2.V4.Lib\Tyuiu.ShtokerVN.Sprint1.Task2.V4.Lib.csproj", "{CFA5A1F0-4286-472A-80D1-29066D66D81E}"
EndProject
Project("{FAE04EC0-301F-11D3-BF4B-00C04F79EFBC}") = "Tyuiu.ShtokerVN.Sprint1.Task2.V4.Test", "Tyuiu.ShtokerVN.Sprint1.Task2.V4.Test\Tyuiu.ShtokerVN.Sprint1.Task2.V4.Test.csproj", "{D4954E3A-CB82-40BB-9880-76B07525042E}"
EndProject
Project("{2150E333-8FDC-42A3-9474-1A3956D46DE8}") = "Task3", "Task3", "{179A5F42-12BC-43A6-AACC-221320958D99}"
EndProject
Project("{FAE04EC0-301F-11D3-BF4B-00C04F79EFBC}") = "Tyuiu.ShtokerVN.Sprint1.Task3.V12", "Tyuiu.ShtokerVN.Sprint1.Task3.V12\Tyuiu.ShtokerVN.Sprint1.Task3.V12.csproj", "{A780A217-A22E-43AF-A700-D1976E66C9B7}"
EndProject
Project("{FAE04EC0-301F-11D3-BF4B-00C04F79EFBC}") = "Tyuiu.ShtokerVN.Sprint1.Task3.V12.Lib", "Tyuiu.ShtokerVN.Sprint1.Task3.V12.Lib\Tyuiu.ShtokerVN.Sprint1.Task3.V12.Lib.csproj", "{6BB4EE33-4340-4719-B8ED-771F161B76E7}"
EndProject
Project("{FAE04EC0-301F-11D3-BF4B-00C04F79EFBC}") = "Tyuiu.ShtokerVN.Sprint1.Task3.V12.Test", "Tyuiu.ShtokerVN.Sprint1.Task3.V12.Test\Tyuiu.ShtokerVN.Sprint1.Task3.V12.Test.csproj", "{732C3637-8B8A-482D-B791-11F7D58C4141}"
EndProject
Project("{2150E333-8FDC-42A3-9474-1A3956D46DE8}") = "Task4", "Task4", "{DDFBC1B0-F8E6-4E84-81BA-67863754F790}"
EndProject
Project("{FAE04EC0-301F-11D3-BF4B-00C04F79EFBC}") = "Tyuiu.ShtokerVN.Sprint1.Task4.V10", "Tyuiu.ShtokerVN.Sprint1.Task4.V10\Tyuiu.ShtokerVN.Sprint1.Task4.V10.csproj", "{E744FBFB-453A-4BC5-9129-754AE3DA7A66}"
EndProject
Project("{FAE04EC0-301F-11D3-BF4B-00C04F79EFBC}") = "Tyuiu.ShtokerVN.Sprint1.Task4.V10.Lib", "Tyuiu.ShtokerVN.Sprint1.Task4.V10.Lib\Tyuiu.ShtokerVN.Sprint1.Task4.V10.Lib.csproj", "{1B398A0F-9A3E-4CB7-9275-48D2D7AECE3C}"
EndProject
Project("{FAE04EC0-301F-11D3-BF4B-00C04F79EFBC}") = "Tyuiu.ShtokerVN.Sprint1.Task4.V10.Test", "Tyuiu.ShtokerVN.Sprint1.Task4.V10.Test\Tyuiu.ShtokerVN.Sprint1.Task4.V10.Test.csproj", "{63E52AE8-2671-445F-A3CD-D1B6A3CBACF4}"
EndProject
Project("{2150E333-8FDC-42A3-9474-1A3956D46DE8}") = "Task5", "Task5", "{0E3ABE85-4E02-4A7C-8F99-7982CE545E87}"
EndProject
Project("{FAE04EC0-301F-11D3-BF4B-00C04F79EFBC}") = "Tyuiu.ShtokerVN.Sprint1.Task5.V7", "Tyuiu.ShtokerVN.Sprint1.Task5.V7\Tyuiu.ShtokerVN.Sprint1.Task5.V7.csproj", "{6775D43E-49F1-4221-90C1-E474A72AFD65}"
EndProject
Project("{FAE04EC0-301F-11D3-BF4B-00C04F79EFBC}") = "Tyuiu.ShtokerVN.Sprint1.Task5.V7.Lib", "Tyuiu.ShtokerVN.Sprint1.Task5.V7.Lib\Tyuiu.ShtokerVN.Sprint1.Task5.V7.Lib.csproj", "{1722CF2B-AC60-44D1-971D-CD6E8497AF2A}"
EndProject
Project("{FAE04EC0-301F-11D3-BF4B-00C04F79EFBC}") = "Tyuiu.ShtokerVN.Sprint1.Task5.V7.Test", "Tyuiu.ShtokerVN.Sprint1.Task5.V7.Test\Tyuiu.ShtokerVN.Sprint1.Task5.V7.Test.csproj", "{87853BC8-7968-4DE0-936E-3CF0A512CEA6}"
EndProject
Global
	GlobalSection(SolutionConfigurationPlatforms) = preSolution
		Debug|Any CPU = Debug|Any CPU
		Release|Any CPU = Release|Any CPU
	EndGlobalSection
	GlobalSection(ProjectConfigurationPlatforms) = postSolution
		{679FB75E-E91D-4BB9-8E1A-8BDEE2047082}.Debug|Any CPU.ActiveCfg = Debug|Any CPU
		{679FB75E-E91D-4BB9-8E1A-8BDEE2047082}.Debug|Any CPU.Build.0 = Debug|Any CPU
		{679FB75E-E91D-4BB9-8E1A-8BDEE2047082}.Release|Any CPU.ActiveCfg = Release|Any CPU
		{679FB75E-E91D-4BB9-8E1A-8BDEE2047082}.Release|Any CPU.Build.0 = Release|Any CPU
		{C0C4E7A5-E5F0-4906-8A46-277E2F53BA17}.Debug|Any CPU.ActiveCfg = Debug|Any CPU
		{C0C4E7A5-E5F0-4906-8A46-277E2F53BA17}.Debug|Any CPU.Build.0 = Debug|Any CPU
		{C0C4E7A5-E5F0-4906-8A46-277E2F53BA17}.Release|Any CPU.ActiveCfg = Release|Any CPU
		{C0C4E7A5-E5F0-4906-8A46-277E2F53BA17}.Release|Any CPU.Build.0 = Release|Any CPU
		{4AB5879B-7B16-48B4-AA73-C45FBA96D43C}.Debug|Any CPU.ActiveCfg = Debug|Any CPU
		{4AB5879B-7B16-48B4-AA73-C45FBA96D43C}.Debug|Any CPU.Build.0 = Debug|Any CPU
		{4AB5879B-7B16-48B4-AA73-C45FBA96D43C}.Release|Any CPU.ActiveCfg = Release|Any CPU
		{4AB5879B-7B16-48B4-AA73-C45FBA96D43C}.Release|Any CPU.Build.0 = Release|Any CPU
		{00A144ED-5A5E-46EA-9ECB-FEEC5C7185F1}.Debug|Any CPU.ActiveCfg = Debug|Any CPU
		{00A144ED-5A5E-46EA-9ECB-FEEC5C7185F1}.Debug|Any CPU.Build.0 = Debug|Any CPU
		{00A144ED-5A5E-46EA-9ECB-FEEC5C7185F1}.Release|Any CPU.ActiveCfg = Release|Any CPU
		{00A144ED-5A5E-46EA-9ECB-FEEC5C7185F1}.Release|Any CPU.Build.0 = Release|Any CPU
		{8AAF41CE-766B-4641-8002-A963257C31E5}.Debug|Any CPU.ActiveCfg = Debug|Any CPU
		{8AAF41CE-766B-4641-8002-A963257C31E5}.Debug|Any CPU.Build.0 = Debug|Any CPU
		{8AAF41CE-766B-4641-8002-A963257C31E5}.Release|Any CPU.ActiveCfg = Release|Any CPU
		{8AAF41CE-766B-4641-8002-A963257C31E5}.Release|Any CPU.Build.0 = Release|Any CPU
		{037A2D2B-5D96-44B0-BA79-936F6D8CAB28}.Debug|Any CPU.ActiveCfg = Debug|Any CPU
		{037A2D2B-5D96-44B0-BA79-936F6D8CAB28}.Debug|Any CPU.Build.0 = Debug|Any CPU
		{037A2D2B-5D96-44B0-BA79-936F6D8CAB28}.Release|Any CPU.ActiveCfg = Release|Any CPU
		{037A2D2B-5D96-44B0-BA79-936F6D8CAB28}.Release|Any CPU.Build.0 = Release|Any CPU
		{59491BF9-5266-4AF0-A1EF-3273CA2ACE83}.Debug|Any CPU.ActiveCfg = Debug|Any CPU
		{59491BF9-5266-4AF0-A1EF-3273CA2ACE83}.Debug|Any CPU.Build.0 = Debug|Any CPU
		{59491BF9-5266-4AF0-A1EF-3273CA2ACE83}.Release|Any CPU.ActiveCfg = Release|Any CPU
		{59491BF9-5266-4AF0-A1EF-3273CA2ACE83}.Release|Any CPU.Build.0 = Release|Any CPU
		{CFA5A1F0-4286-472A-80D1-29066D66D81E}.Debug|Any CPU.ActiveCfg = Debug|Any CPU
		{CFA5A1F0-4286-472A-80D1-29066D66D81E}.Debug|Any CPU.Build.0 = Debug|Any CPU
		{CFA5A1F0-4286-472A-80D1-29066D66D81E}.Release|Any CPU.ActiveCfg = Release|Any CPU
		{CFA5A1F0-4286-472A-80D1-29066D66D81E}.Release|Any CPU.Build.0 = Release|Any CPU
		{D4954E3A-CB82-40BB-9880-76B07525042E}.Debug|Any CPU.ActiveCfg = Debug|Any CPU
		{D4954E3A-CB82-40BB-9880-76B07525042E}.Debug|Any CPU.Build.0 = Debug|Any CPU
		{D4954E3A-CB82-40BB-9880-76B07525042E}.Release|Any CPU.ActiveCfg = Release|Any CPU
		{D4954E3A-CB82-40BB-9880-76B07525042E}.Release|Any CPU.Build.0 = Release|Any CPU
		{A780A217-A22E-43AF-A700-D1976E66C9B7}.Debug|Any CPU.ActiveCfg = Debug|Any CPU
		{A780A217-A22E-43AF-A700-D1976E66C9B7}.Debug|Any CPU.Build.0 = Debug|Any CPU
		{A780A217-A22E-43AF-A700-D1976E66C9B7}.Release|Any CPU.ActiveCfg = Release|Any CPU
		{A780A217-A22E-43AF-A700-D1976E66C9B7}.Release|Any CPU.Build.0 = Release|Any CPU
		{6BB4EE33-4340-4719-B8ED-771F161B76E7}.Debug|Any CPU.ActiveCfg = Debug|Any CPU
		{6BB4EE33-4340-4719-B8ED-771F161B76E7}.Debug|Any CPU.Build.0 = Debug|Any CPU
		{6BB4EE33-4340-4719-B8ED-771F161B76E7}.Release|Any CPU.ActiveCfg = Release|Any CPU
		{6BB4EE33-4340-4719-B8ED-771F161B76E7}.Release|Any CPU.Build.0 = Release|Any CPU
		{732C3637-8B8A-482D-B791-11F7D58C4141}.Debug|Any CPU.ActiveCfg = Debug|Any CPU
		{732C3637-8B8A-482D-B791-11F7D58C4141}.Debug|Any CPU.Build.0 = Debug|Any CPU
		{732C3637-8B8A-482D-B791-11F7D58C4141}.Release|Any CPU.ActiveCfg = Release|Any CPU
		{732C3637-8B8A-482D-B791-11F7D58C4141}.Release|Any CPU.Build.0 = Release|Any CPU
		{E744FBFB-453A-4BC5-9129-754AE3DA7A66}.Debug|Any CPU.ActiveCfg = Debug|Any CPU
		{E744FBFB-453A-4BC5-9129-754AE3DA7A66}.Debug|Any CPU.Build.0 = Debug|Any CPU
		{E744FBFB-453A-4BC5-9129-754AE3DA7A66}.Release|Any CPU.ActiveCfg = Release|Any CPU
		{E744FBFB-453A-4BC5-9129-754AE3DA7A66}.Release|Any CPU.Build.0 = Release|Any CPU
		{1B398A0F-9A3E-4CB7-9275-48D2D7AECE3C}.Debug|Any CPU.ActiveCfg = Debug|Any CPU
		{1B398A0F-9A3E-4CB7-9275-48D2D7AECE3C}.Debug|Any CPU.Build.0 = Debug|Any CPU
		{1B398A0F-9A3E-4CB7-9275-48D2D7AECE3C}.Release|Any CPU.ActiveCfg = Release|Any CPU
		{1B398A0F-9A3E-4CB7-9275-48D2D7AECE3C}.Release|Any CPU.Build.0 = Release|Any CPU
		{63E52AE8-2671-445F-A3CD-D1B6A3CBACF4}.Debug|Any CPU.ActiveCfg = Debug|Any CPU
		{63E52AE8-2671-445F-A3CD-D1B6A3CBACF4}.Debug|Any CPU.Build.0 = Debug|Any CPU
		{63E52AE8-2671-445F-A3CD-D1B6A3CBACF4}.Release|Any CPU.ActiveCfg = Release|Any CPU
		{63E52AE8-2671-445F-A3CD-D1B6A3CBACF4}.Release|Any CPU.Build.0 = Release|Any CPU
		{6775D43E-49F1-4221-90C1-E474A72AFD65}.Debug|Any CPU.ActiveCfg = Debug|Any CPU
		{6775D43E-49F1-4221-90C1-E474A72AFD65}.Debug|Any CPU.Build.0 = Debug|Any CPU
		{6775D43E-49F1-4221-90C1-E474A72AFD65}.Release|Any CPU.ActiveCfg = Release|Any CPU
		{6775D43E-49F1-4221-90C1-E474A72AFD65}.Release|Any CPU.Build.0 = Release|Any CPU
		{1722CF2B-AC60-44D1-971D-CD6E8497AF2A}.Debug|Any CPU.ActiveCfg = Debug|Any CPU
		{1722CF2B-AC60-44D1-971D-CD6E8497AF2A}.Debug|Any CPU.Build.0 = Debug|Any CPU
		{1722CF2B-AC60-44D1-971D-CD6E8497AF2A}.Release|Any CPU.ActiveCfg = Release|Any CPU
		{1722CF2B-AC60-44D1-971D-CD6E8497AF2A}.Release|Any CPU.Build.0 = Release|Any CPU
		{87853BC8-7968-4DE0-936E-3CF0A512CEA6}.Debug|Any CPU.ActiveCfg = Debug|Any CPU
		{87853BC8-7968-4DE0-936E-3CF0A512CEA6}.Debug|Any CPU.Build.0 = Debug|Any CPU
		{87853BC8-7968-4DE0-936E-3CF0A512CEA6}.Release|Any CPU.ActiveCfg = Release|Any CPU
		{87853BC8-7968-4DE0-936E-3CF0A512CEA6}.Release|Any CPU.Build.0 = Release|Any CPU
	EndGlobalSection
	GlobalSection(SolutionProperties) = preSolution
		HideSolutionNode = FALSE
	EndGlobalSection
	GlobalSection(NestedProjects) = preSolution
		{679FB75E-E91D-4BB9-8E1A-8BDEE2047082} = {5786E478-FEAF-4FE1-BB38-9D4A04ADE1B8}
		{C0C4E7A5-E5F0-4906-8A46-277E2F53BA17} = {5786E478-FEAF-4FE1-BB38-9D4A04ADE1B8}
		{4AB5879B-7B16-48B4-AA73-C45FBA96D43C} = {5786E478-FEAF-4FE1-BB38-9D4A04ADE1B8}
		{00A144ED-5A5E-46EA-9ECB-FEEC5C7185F1} = {51AD6C74-2A43-472F-A13D-18EC2F0906D0}
		{8AAF41CE-766B-4641-8002-A963257C31E5} = {51AD6C74-2A43-472F-A13D-18EC2F0906D0}
		{037A2D2B-5D96-44B0-BA79-936F6D8CAB28} = {51AD6C74-2A43-472F-A13D-18EC2F0906D0}
		{59491BF9-5266-4AF0-A1EF-3273CA2ACE83} = {9B377BBB-52CA-495F-8C02-BB1E87D3E61C}
		{CFA5A1F0-4286-472A-80D1-29066D66D81E} = {9B377BBB-52CA-495F-8C02-BB1E87D3E61C}
		{D4954E3A-CB82-40BB-9880-76B07525042E} = {9B377BBB-52CA-495F-8C02-BB1E87D3E61C}
		{A780A217-A22E-43AF-A700-D1976E66C9B7} = {179A5F42-12BC-43A6-AACC-221320958D99}
		{6BB4EE33-4340-4719-B8ED-771F161B76E7} = {179A5F42-12BC-43A6-AACC-221320958D99}
		{732C3637-8B8A-482D-B791-11F7D58C4141} = {179A5F42-12BC-43A6-AACC-221320958D99}
		{E744FBFB-453A-4BC5-9129-754AE3DA7A66} = {DDFBC1B0-F8E6-4E84-81BA-67863754F790}
		{1B398A0F-9A3E-4CB7-9275-48D2D7AECE3C} = {DDFBC1B0-F8E6-4E84-81BA-67863754F790}
		{63E52AE8-2671-445F-A3CD-D1B6A3CBACF4} = {DDFBC1B0-F8E6-4E84-81BA-67863754F790}
		{6775D43E-49F1-4221-90C1-E474A72AFD65} = {0E3ABE85-4E02-4A7C-8F99-7982CE545E87}
		{1722CF2B-AC60-44D1-971D-CD6E8497AF2A} = {0E3ABE85-4E02-4A7C-8F99-7982CE545E87}
		{87853BC8-7968-4DE0-936E-3CF0A512CEA6} = {0E3ABE85-4E02-4A7C-8F99-7982CE545E87}
	EndGlobalSection
	GlobalSection(ExtensibilityGlobals) = postSolution
		SolutionGuid = {F67EF6EF-69F1-4357-8295-7B35AE2F1D2B}
	EndGlobalSection
EndGlobal
